// !$*UTF8*$!
{
	archiveVersion = 1;
	classes = {
	};
	objectVersion = 46;
	objects = {

/* Begin PBXBuildFile section */
		C2716D01165EDCC800ED24C2 /* AppDelegate.m in Sources */ = {isa = PBXBuildFile; fileRef = C2716CEA165EDCC800ED24C2 /* AppDelegate.m */; };
		C2716D02165EDCC800ED24C2 /* main.m in Sources */ = {isa = PBXBuildFile; fileRef = C2716CEB165EDCC800ED24C2 /* main.m */; };
		C2716D03165EDCC800ED24C2 /* Icon-72.png in Resources */ = {isa = PBXBuildFile; fileRef = C2716CEE165EDCC800ED24C2 /* Icon-72.png */; };
		C2716D04165EDCC800ED24C2 /* Icon-72@2x.png in Resources */ = {isa = PBXBuildFile; fileRef = C2716CEF165EDCC800ED24C2 /* Icon-72@2x.png */; };
		C2716D05165EDCC800ED24C2 /* Icon-Small-50.png in Resources */ = {isa = PBXBuildFile; fileRef = C2716CF0165EDCC800ED24C2 /* Icon-Small-50.png */; };
		C2716D06165EDCC800ED24C2 /* Icon-Small-50@2x.png in Resources */ = {isa = PBXBuildFile; fileRef = C2716CF1165EDCC800ED24C2 /* Icon-Small-50@2x.png */; };
		C2716D07165EDCC800ED24C2 /* Icon-Small.png in Resources */ = {isa = PBXBuildFile; fileRef = C2716CF2165EDCC800ED24C2 /* Icon-Small.png */; };
		C2716D08165EDCC800ED24C2 /* Icon-Small@2x.png in Resources */ = {isa = PBXBuildFile; fileRef = C2716CF3165EDCC800ED24C2 /* Icon-Small@2x.png */; };
		C2716D09165EDCC800ED24C2 /* Icon.png in Resources */ = {isa = PBXBuildFile; fileRef = C2716CF4165EDCC800ED24C2 /* Icon.png */; };
		C2716D0A165EDCC800ED24C2 /* Icon@2x.png in Resources */ = {isa = PBXBuildFile; fileRef = C2716CF5165EDCC800ED24C2 /* Icon@2x.png */; };
		C2716D0B165EDCC800ED24C2 /* iTunesArtwork.png in Resources */ = {isa = PBXBuildFile; fileRef = C2716CF6165EDCC800ED24C2 /* iTunesArtwork.png */; };
		C2716D0C165EDCC800ED24C2 /* iTunesArtwork@2x.png in Resources */ = {isa = PBXBuildFile; fileRef = C2716CF7165EDCC800ED24C2 /* iTunesArtwork@2x.png */; };
		C2716D0D165EDCC800ED24C2 /* Default-568h@2x.png in Resources */ = {isa = PBXBuildFile; fileRef = C2716CF9165EDCC800ED24C2 /* Default-568h@2x.png */; };
		C2716D0E165EDCC800ED24C2 /* Default.png in Resources */ = {isa = PBXBuildFile; fileRef = C2716CFA165EDCC800ED24C2 /* Default.png */; };
		C2716D0F165EDCC800ED24C2 /* Default@2x.png in Resources */ = {isa = PBXBuildFile; fileRef = C2716CFB165EDCC800ED24C2 /* Default@2x.png */; };
		C2716D10165EDCC800ED24C2 /* Localizable.strings in Resources */ = {isa = PBXBuildFile; fileRef = C2716CFD165EDCC800ED24C2 /* Localizable.strings */; };
		C34E676C167F4D19006A46C3 /* chart-lines-ipad.png in Resources */ = {isa = PBXBuildFile; fileRef = C34E6762167F4D19006A46C3 /* chart-lines-ipad.png */; };
		C34E676D167F4D19006A46C3 /* chart-lines-ipad@2x.png in Resources */ = {isa = PBXBuildFile; fileRef = C34E6763167F4D19006A46C3 /* chart-lines-ipad@2x.png */; };
		C34E676E167F4D19006A46C3 /* chart-lines.png in Resources */ = {isa = PBXBuildFile; fileRef = C34E6764167F4D19006A46C3 /* chart-lines.png */; };
		C34E676F167F4D19006A46C3 /* chart-lines@2x.png in Resources */ = {isa = PBXBuildFile; fileRef = C34E6765167F4D19006A46C3 /* chart-lines@2x.png */; };
		C34E6770167F4D19006A46C3 /* chart-round-ipad.png in Resources */ = {isa = PBXBuildFile; fileRef = C34E6766167F4D19006A46C3 /* chart-round-ipad.png */; };
		C34E6771167F4D19006A46C3 /* chart-round-ipad@2x.png in Resources */ = {isa = PBXBuildFile; fileRef = C34E6767167F4D19006A46C3 /* chart-round-ipad@2x.png */; };
		C34E6772167F4D19006A46C3 /* chart-round.png in Resources */ = {isa = PBXBuildFile; fileRef = C34E6768167F4D19006A46C3 /* chart-round.png */; };
		C34E6773167F4D19006A46C3 /* chart-round@2x.png in Resources */ = {isa = PBXBuildFile; fileRef = C34E6769167F4D19006A46C3 /* chart-round@2x.png */; };
		C34E6774167F4D19006A46C3 /* panels-ipad.png in Resources */ = {isa = PBXBuildFile; fileRef = C34E676A167F4D19006A46C3 /* panels-ipad.png */; };
		C34E6775167F4D19006A46C3 /* panels-ipad@2x.png in Resources */ = {isa = PBXBuildFile; fileRef = C34E676B167F4D19006A46C3 /* panels-ipad@2x.png */; };
		C34E677D167F4E37006A46C3 /* ServersViewController.m in Sources */ = {isa = PBXBuildFile; fileRef = C34E677B167F4E37006A46C3 /* ServersViewController.m */; };
		C34E6780167F4E4C006A46C3 /* ServersViewController.xib in Resources */ = {isa = PBXBuildFile; fileRef = C34E677F167F4E4C006A46C3 /* ServersViewController.xib */; };
		C39A2566165EB20900F0E242 /* UIKit.framework in Frameworks */ = {isa = PBXBuildFile; fileRef = C39A2565165EB20900F0E242 /* UIKit.framework */; };
		C39A2568165EB20900F0E242 /* Foundation.framework in Frameworks */ = {isa = PBXBuildFile; fileRef = C39A2567165EB20900F0E242 /* Foundation.framework */; };
		C39A256A165EB20900F0E242 /* CoreGraphics.framework in Frameworks */ = {isa = PBXBuildFile; fileRef = C39A2569165EB20900F0E242 /* CoreGraphics.framework */; };
		C3A57CD61667D62A00FC8167 /* main-background.png in Resources */ = {isa = PBXBuildFile; fileRef = C3A57CD41667D62A00FC8167 /* main-background.png */; };
		C3A57CD71667D62A00FC8167 /* main-background@2x.png in Resources */ = {isa = PBXBuildFile; fileRef = C3A57CD51667D62A00FC8167 /* main-background@2x.png */; };
		C3A57CE31667DF3700FC8167 /* header-background-small.png in Resources */ = {isa = PBXBuildFile; fileRef = C3A57CDD1667DF3700FC8167 /* header-background-small.png */; };
		C3A57CE41667DF3700FC8167 /* header-background-small@2x.png in Resources */ = {isa = PBXBuildFile; fileRef = C3A57CDE1667DF3700FC8167 /* header-background-small@2x.png */; };
		C3A57CE51667DF3700FC8167 /* header-background.png in Resources */ = {isa = PBXBuildFile; fileRef = C3A57CDF1667DF3700FC8167 /* header-background.png */; };
		C3A57CE61667DF3700FC8167 /* header-background@2x.png in Resources */ = {isa = PBXBuildFile; fileRef = C3A57CE01667DF3700FC8167 /* header-background@2x.png */; };
		C3A57CE71667DF3700FC8167 /* logo-menu.png in Resources */ = {isa = PBXBuildFile; fileRef = C3A57CE11667DF3700FC8167 /* logo-menu.png */; };
		C3A57CE81667DF3700FC8167 /* logo-menu@2x.png in Resources */ = {isa = PBXBuildFile; fileRef = C3A57CE21667DF3700FC8167 /* logo-menu@2x.png */; };
		C3A57CEB1667E03700FC8167 /* panels.png in Resources */ = {isa = PBXBuildFile; fileRef = C3A57CE91667E03700FC8167 /* panels.png */; };
		C3A57CEC1667E03700FC8167 /* panels@2x.png in Resources */ = {isa = PBXBuildFile; fileRef = C3A57CEA1667E03700FC8167 /* panels@2x.png */; };
		C3A57CF11667E16D00FC8167 /* icon-refresh-small.png in Resources */ = {isa = PBXBuildFile; fileRef = C3A57CED1667E16D00FC8167 /* icon-refresh-small.png */; };
		C3A57CF21667E16D00FC8167 /* icon-refresh-small@2x.png in Resources */ = {isa = PBXBuildFile; fileRef = C3A57CEE1667E16D00FC8167 /* icon-refresh-small@2x.png */; };
		C3A57CF31667E16D00FC8167 /* icon-refresh.png in Resources */ = {isa = PBXBuildFile; fileRef = C3A57CEF1667E16D00FC8167 /* icon-refresh.png */; };
		C3A57CF41667E16D00FC8167 /* icon-refresh@2x.png in Resources */ = {isa = PBXBuildFile; fileRef = C3A57CF01667E16D00FC8167 /* icon-refresh@2x.png */; };
		C3A57CF61667E2A600FC8167 /* Cameo.framework in Frameworks */ = {isa = PBXBuildFile; fileRef = C3A57CF51667E2A600FC8167 /* Cameo.framework */; };
		C3A57CF81667E2BA00FC8167 /* HMBaseResources.bundle in Resources */ = {isa = PBXBuildFile; fileRef = C3A57CF71667E2BA00FC8167 /* HMBaseResources.bundle */; };
		C3A57D011667E3FD00FC8167 /* logo.png in Resources */ = {isa = PBXBuildFile; fileRef = C3A57CFF1667E3FD00FC8167 /* logo.png */; };
		C3A57D021667E3FD00FC8167 /* logo@2x.png in Resources */ = {isa = PBXBuildFile; fileRef = C3A57D001667E3FD00FC8167 /* logo@2x.png */; };
		C3A57D131667E56800FC8167 /* button-back-blue-pressed.png in Resources */ = {isa = PBXBuildFile; fileRef = C3A57D031667E56700FC8167 /* button-back-blue-pressed.png */; };
		C3A57D141667E56800FC8167 /* button-back-blue-pressed@2x.png in Resources */ = {isa = PBXBuildFile; fileRef = C3A57D041667E56700FC8167 /* button-back-blue-pressed@2x.png */; };
		C3A57D151667E56800FC8167 /* button-back-blue-small-pressed.png in Resources */ = {isa = PBXBuildFile; fileRef = C3A57D051667E56700FC8167 /* button-back-blue-small-pressed.png */; };
		C3A57D161667E56800FC8167 /* button-back-blue-small-pressed@2x.png in Resources */ = {isa = PBXBuildFile; fileRef = C3A57D061667E56700FC8167 /* button-back-blue-small-pressed@2x.png */; };
		C3A57D171667E56800FC8167 /* button-back-blue-small.png in Resources */ = {isa = PBXBuildFile; fileRef = C3A57D071667E56700FC8167 /* button-back-blue-small.png */; };
		C3A57D181667E56800FC8167 /* button-back-blue-small@2x.png in Resources */ = {isa = PBXBuildFile; fileRef = C3A57D081667E56700FC8167 /* button-back-blue-small@2x.png */; };
		C3A57D191667E56800FC8167 /* button-back-blue.png in Resources */ = {isa = PBXBuildFile; fileRef = C3A57D091667E56800FC8167 /* button-back-blue.png */; };
		C3A57D1A1667E56800FC8167 /* button-back-blue@2x.png in Resources */ = {isa = PBXBuildFile; fileRef = C3A57D0A1667E56800FC8167 /* button-back-blue@2x.png */; };
		C3A57D1B1667E56800FC8167 /* button-blue-pressed.png in Resources */ = {isa = PBXBuildFile; fileRef = C3A57D0B1667E56800FC8167 /* button-blue-pressed.png */; };
		C3A57D1C1667E56800FC8167 /* button-blue-pressed@2x.png in Resources */ = {isa = PBXBuildFile; fileRef = C3A57D0C1667E56800FC8167 /* button-blue-pressed@2x.png */; };
		C3A57D1D1667E56800FC8167 /* button-blue-small-pressed.png in Resources */ = {isa = PBXBuildFile; fileRef = C3A57D0D1667E56800FC8167 /* button-blue-small-pressed.png */; };
		C3A57D1E1667E56800FC8167 /* button-blue-small-pressed@2x.png in Resources */ = {isa = PBXBuildFile; fileRef = C3A57D0E1667E56800FC8167 /* button-blue-small-pressed@2x.png */; };
		C3A57D1F1667E56800FC8167 /* button-blue-small.png in Resources */ = {isa = PBXBuildFile; fileRef = C3A57D0F1667E56800FC8167 /* button-blue-small.png */; };
		C3A57D201667E56800FC8167 /* button-blue-small@2x.png in Resources */ = {isa = PBXBuildFile; fileRef = C3A57D101667E56800FC8167 /* button-blue-small@2x.png */; };
		C3A57D211667E56800FC8167 /* button-blue.png in Resources */ = {isa = PBXBuildFile; fileRef = C3A57D111667E56800FC8167 /* button-blue.png */; };
		C3A57D221667E56800FC8167 /* button-blue@2x.png in Resources */ = {isa = PBXBuildFile; fileRef = C3A57D121667E56800FC8167 /* button-blue@2x.png */; };
		C3ADEF0F1667D375006FA274 /* StatusViewController.m in Sources */ = {isa = PBXBuildFile; fileRef = C3ADEF0D1667D375006FA274 /* StatusViewController.m */; };
		C3ADEF141667D3A1006FA274 /* StatusViewController.xib in Resources */ = {isa = PBXBuildFile; fileRef = C3ADEF131667D3A1006FA274 /* StatusViewController.xib */; };
		C3C8EC10167F5DAD0003C192 /* FlipView.m in Sources */ = {isa = PBXBuildFile; fileRef = C3C8EC0F167F5DAD0003C192 /* FlipView.m */; };
		C3C8EC12167F5E9A0003C192 /* tobias.jpg in Resources */ = {isa = PBXBuildFile; fileRef = C3C8EC11167F5E9A0003C192 /* tobias.jpg */; };
		C3C8EC1A167F79290003C192 /* tobias2.jpg in Resources */ = {isa = PBXBuildFile; fileRef = C3C8EC19167F79290003C192 /* tobias2.jpg */; };
		C3C8EC1C167F84E80003C192 /* QuartzCore.framework in Frameworks */ = {isa = PBXBuildFile; fileRef = C3C8EC1B167F84E80003C192 /* QuartzCore.framework */; };
		C3C8EC27167F9A4F0003C192 /* list-item.png in Resources */ = {isa = PBXBuildFile; fileRef = C3C8EC25167F9A4F0003C192 /* list-item.png */; };
		C3C8EC28167F9A4F0003C192 /* list-item@2x.png in Resources */ = {isa = PBXBuildFile; fileRef = C3C8EC26167F9A4F0003C192 /* list-item@2x.png */; };
		C3C8EC2A167FA26E0003C192 /* StatusViewControllerIpad.xib in Resources */ = {isa = PBXBuildFile; fileRef = C3C8EC29167FA26E0003C192 /* StatusViewControllerIpad.xib */; };
		C3C8EC2D167FAA6B0003C192 /* FlipContainerView.m in Sources */ = {isa = PBXBuildFile; fileRef = C3C8EC2C167FAA6B0003C192 /* FlipContainerView.m */; };
/* End PBXBuildFile section */

/* Begin PBXFileReference section */
		C2716CE9165EDCC800ED24C2 /* AppDelegate.h */ = {isa = PBXFileReference; fileEncoding = 4; lastKnownFileType = sourcecode.c.h; path = AppDelegate.h; sourceTree = "<group>"; };
		C2716CEA165EDCC800ED24C2 /* AppDelegate.m */ = {isa = PBXFileReference; fileEncoding = 4; lastKnownFileType = sourcecode.c.objc; path = AppDelegate.m; sourceTree = "<group>"; };
		C2716CEB165EDCC800ED24C2 /* main.m */ = {isa = PBXFileReference; fileEncoding = 4; lastKnownFileType = sourcecode.c.objc; path = main.m; sourceTree = "<group>"; };
		C2716CEE165EDCC800ED24C2 /* Icon-72.png */ = {isa = PBXFileReference; lastKnownFileType = image.png; path = "Icon-72.png"; sourceTree = "<group>"; };
		C2716CEF165EDCC800ED24C2 /* Icon-72@2x.png */ = {isa = PBXFileReference; lastKnownFileType = image.png; path = "Icon-72@2x.png"; sourceTree = "<group>"; };
		C2716CF0165EDCC800ED24C2 /* Icon-Small-50.png */ = {isa = PBXFileReference; lastKnownFileType = image.png; path = "Icon-Small-50.png"; sourceTree = "<group>"; };
		C2716CF1165EDCC800ED24C2 /* Icon-Small-50@2x.png */ = {isa = PBXFileReference; lastKnownFileType = image.png; path = "Icon-Small-50@2x.png"; sourceTree = "<group>"; };
		C2716CF2165EDCC800ED24C2 /* Icon-Small.png */ = {isa = PBXFileReference; lastKnownFileType = image.png; path = "Icon-Small.png"; sourceTree = "<group>"; };
		C2716CF3165EDCC800ED24C2 /* Icon-Small@2x.png */ = {isa = PBXFileReference; lastKnownFileType = image.png; path = "Icon-Small@2x.png"; sourceTree = "<group>"; };
		C2716CF4165EDCC800ED24C2 /* Icon.png */ = {isa = PBXFileReference; lastKnownFileType = image.png; path = Icon.png; sourceTree = "<group>"; };
		C2716CF5165EDCC800ED24C2 /* Icon@2x.png */ = {isa = PBXFileReference; lastKnownFileType = image.png; path = "Icon@2x.png"; sourceTree = "<group>"; };
		C2716CF6165EDCC800ED24C2 /* iTunesArtwork.png */ = {isa = PBXFileReference; lastKnownFileType = image.png; path = iTunesArtwork.png; sourceTree = "<group>"; };
		C2716CF7165EDCC800ED24C2 /* iTunesArtwork@2x.png */ = {isa = PBXFileReference; lastKnownFileType = image.png; path = "iTunesArtwork@2x.png"; sourceTree = "<group>"; };
		C2716CF9165EDCC800ED24C2 /* Default-568h@2x.png */ = {isa = PBXFileReference; lastKnownFileType = image.png; path = "Default-568h@2x.png"; sourceTree = "<group>"; };
		C2716CFA165EDCC800ED24C2 /* Default.png */ = {isa = PBXFileReference; lastKnownFileType = image.png; path = Default.png; sourceTree = "<group>"; };
		C2716CFB165EDCC800ED24C2 /* Default@2x.png */ = {isa = PBXFileReference; lastKnownFileType = image.png; path = "Default@2x.png"; sourceTree = "<group>"; };
		C2716CFE165EDCC800ED24C2 /* en */ = {isa = PBXFileReference; lastKnownFileType = text.plist.strings; name = en; path = en.lproj/Localizable.strings; sourceTree = "<group>"; };
		C2716CFF165EDCC800ED24C2 /* pingu-Info.plist */ = {isa = PBXFileReference; fileEncoding = 4; lastKnownFileType = text.plist.xml; path = "pingu-Info.plist"; sourceTree = "<group>"; };
		C2716D00165EDCC800ED24C2 /* pingu-Prefix.pch */ = {isa = PBXFileReference; fileEncoding = 4; lastKnownFileType = sourcecode.c.h; path = "pingu-Prefix.pch"; sourceTree = "<group>"; };
		C2716D1A165EDE6600ED24C2 /* Dependencies.h */ = {isa = PBXFileReference; fileEncoding = 4; lastKnownFileType = sourcecode.c.h; path = Dependencies.h; sourceTree = "<group>"; };
		C34E6762167F4D19006A46C3 /* chart-lines-ipad.png */ = {isa = PBXFileReference; lastKnownFileType = image.png; path = "chart-lines-ipad.png"; sourceTree = "<group>"; };
		C34E6763167F4D19006A46C3 /* chart-lines-ipad@2x.png */ = {isa = PBXFileReference; lastKnownFileType = image.png; path = "chart-lines-ipad@2x.png"; sourceTree = "<group>"; };
		C34E6764167F4D19006A46C3 /* chart-lines.png */ = {isa = PBXFileReference; lastKnownFileType = image.png; path = "chart-lines.png"; sourceTree = "<group>"; };
		C34E6765167F4D19006A46C3 /* chart-lines@2x.png */ = {isa = PBXFileReference; lastKnownFileType = image.png; path = "chart-lines@2x.png"; sourceTree = "<group>"; };
		C34E6766167F4D19006A46C3 /* chart-round-ipad.png */ = {isa = PBXFileReference; lastKnownFileType = image.png; path = "chart-round-ipad.png"; sourceTree = "<group>"; };
		C34E6767167F4D19006A46C3 /* chart-round-ipad@2x.png */ = {isa = PBXFileReference; lastKnownFileType = image.png; path = "chart-round-ipad@2x.png"; sourceTree = "<group>"; };
		C34E6768167F4D19006A46C3 /* chart-round.png */ = {isa = PBXFileReference; lastKnownFileType = image.png; path = "chart-round.png"; sourceTree = "<group>"; };
		C34E6769167F4D19006A46C3 /* chart-round@2x.png */ = {isa = PBXFileReference; lastKnownFileType = image.png; path = "chart-round@2x.png"; sourceTree = "<group>"; };
		C34E676A167F4D19006A46C3 /* panels-ipad.png */ = {isa = PBXFileReference; lastKnownFileType = image.png; path = "panels-ipad.png"; sourceTree = "<group>"; };
		C34E676B167F4D19006A46C3 /* panels-ipad@2x.png */ = {isa = PBXFileReference; lastKnownFileType = image.png; path = "panels-ipad@2x.png"; sourceTree = "<group>"; };
		C34E677A167F4E37006A46C3 /* ServersViewController.h */ = {isa = PBXFileReference; fileEncoding = 4; lastKnownFileType = sourcecode.c.h; path = ServersViewController.h; sourceTree = "<group>"; };
		C34E677B167F4E37006A46C3 /* ServersViewController.m */ = {isa = PBXFileReference; fileEncoding = 4; lastKnownFileType = sourcecode.c.objc; path = ServersViewController.m; sourceTree = "<group>"; };
		C34E677F167F4E4C006A46C3 /* ServersViewController.xib */ = {isa = PBXFileReference; fileEncoding = 4; lastKnownFileType = file.xib; path = ServersViewController.xib; sourceTree = "<group>"; };
		C39A2561165EB20900F0E242 /* pingu.app */ = {isa = PBXFileReference; explicitFileType = wrapper.application; includeInIndex = 0; path = pingu.app; sourceTree = BUILT_PRODUCTS_DIR; };
		C39A2565165EB20900F0E242 /* UIKit.framework */ = {isa = PBXFileReference; lastKnownFileType = wrapper.framework; name = UIKit.framework; path = System/Library/Frameworks/UIKit.framework; sourceTree = SDKROOT; };
		C39A2567165EB20900F0E242 /* Foundation.framework */ = {isa = PBXFileReference; lastKnownFileType = wrapper.framework; name = Foundation.framework; path = System/Library/Frameworks/Foundation.framework; sourceTree = SDKROOT; };
		C39A2569165EB20900F0E242 /* CoreGraphics.framework */ = {isa = PBXFileReference; lastKnownFileType = wrapper.framework; name = CoreGraphics.framework; path = System/Library/Frameworks/CoreGraphics.framework; sourceTree = SDKROOT; };
		C3A57CD41667D62A00FC8167 /* main-background.png */ = {isa = PBXFileReference; lastKnownFileType = image.png; path = "main-background.png"; sourceTree = "<group>"; };
		C3A57CD51667D62A00FC8167 /* main-background@2x.png */ = {isa = PBXFileReference; lastKnownFileType = image.png; path = "main-background@2x.png"; sourceTree = "<group>"; };
		C3A57CDD1667DF3700FC8167 /* header-background-small.png */ = {isa = PBXFileReference; lastKnownFileType = image.png; path = "header-background-small.png"; sourceTree = "<group>"; };
		C3A57CDE1667DF3700FC8167 /* header-background-small@2x.png */ = {isa = PBXFileReference; lastKnownFileType = image.png; path = "header-background-small@2x.png"; sourceTree = "<group>"; };
		C3A57CDF1667DF3700FC8167 /* header-background.png */ = {isa = PBXFileReference; lastKnownFileType = image.png; path = "header-background.png"; sourceTree = "<group>"; };
		C3A57CE01667DF3700FC8167 /* header-background@2x.png */ = {isa = PBXFileReference; lastKnownFileType = image.png; path = "header-background@2x.png"; sourceTree = "<group>"; };
		C3A57CE11667DF3700FC8167 /* logo-menu.png */ = {isa = PBXFileReference; lastKnownFileType = image.png; path = "logo-menu.png"; sourceTree = "<group>"; };
		C3A57CE21667DF3700FC8167 /* logo-menu@2x.png */ = {isa = PBXFileReference; lastKnownFileType = image.png; path = "logo-menu@2x.png"; sourceTree = "<group>"; };
		C3A57CE91667E03700FC8167 /* panels.png */ = {isa = PBXFileReference; lastKnownFileType = image.png; path = panels.png; sourceTree = "<group>"; };
		C3A57CEA1667E03700FC8167 /* panels@2x.png */ = {isa = PBXFileReference; lastKnownFileType = image.png; path = "panels@2x.png"; sourceTree = "<group>"; };
		C3A57CED1667E16D00FC8167 /* icon-refresh-small.png */ = {isa = PBXFileReference; lastKnownFileType = image.png; path = "icon-refresh-small.png"; sourceTree = "<group>"; };
		C3A57CEE1667E16D00FC8167 /* icon-refresh-small@2x.png */ = {isa = PBXFileReference; lastKnownFileType = image.png; path = "icon-refresh-small@2x.png"; sourceTree = "<group>"; };
		C3A57CEF1667E16D00FC8167 /* icon-refresh.png */ = {isa = PBXFileReference; lastKnownFileType = image.png; path = "icon-refresh.png"; sourceTree = "<group>"; };
		C3A57CF01667E16D00FC8167 /* icon-refresh@2x.png */ = {isa = PBXFileReference; lastKnownFileType = image.png; path = "icon-refresh@2x.png"; sourceTree = "<group>"; };
		C3A57CF51667E2A600FC8167 /* Cameo.framework */ = {isa = PBXFileReference; lastKnownFileType = wrapper.framework; name = Cameo.framework; path = /Users/administrator/Desktop/repo_extra/pingu_ios/../../../../../Documents/Cameo/Cameo.framework; sourceTree = "<absolute>"; };
		C3A57CF71667E2BA00FC8167 /* HMBaseResources.bundle */ = {isa = PBXFileReference; lastKnownFileType = "wrapper.plug-in"; name = HMBaseResources.bundle; path = /Users/administrator/Desktop/repo_extra/pingu_ios/../../../../../Documents/Cameo/Cameo.framework/Versions/A/Resources/HMBaseResources.bundle; sourceTree = "<absolute>"; };
		C3A57CFE1667E3F000FC8167 /* pt */ = {isa = PBXFileReference; lastKnownFileType = text.plist.strings; name = pt; path = pt.lproj/Localizable.strings; sourceTree = "<group>"; };
		C3A57CFF1667E3FD00FC8167 /* logo.png */ = {isa = PBXFileReference; lastKnownFileType = image.png; path = logo.png; sourceTree = "<group>"; };
		C3A57D001667E3FD00FC8167 /* logo@2x.png */ = {isa = PBXFileReference; lastKnownFileType = image.png; path = "logo@2x.png"; sourceTree = "<group>"; };
		C3A57D031667E56700FC8167 /* button-back-blue-pressed.png */ = {isa = PBXFileReference; lastKnownFileType = image.png; path = "button-back-blue-pressed.png"; sourceTree = "<group>"; };
		C3A57D041667E56700FC8167 /* button-back-blue-pressed@2x.png */ = {isa = PBXFileReference; lastKnownFileType = image.png; path = "button-back-blue-pressed@2x.png"; sourceTree = "<group>"; };
		C3A57D051667E56700FC8167 /* button-back-blue-small-pressed.png */ = {isa = PBXFileReference; lastKnownFileType = image.png; path = "button-back-blue-small-pressed.png"; sourceTree = "<group>"; };
		C3A57D061667E56700FC8167 /* button-back-blue-small-pressed@2x.png */ = {isa = PBXFileReference; lastKnownFileType = image.png; path = "button-back-blue-small-pressed@2x.png"; sourceTree = "<group>"; };
		C3A57D071667E56700FC8167 /* button-back-blue-small.png */ = {isa = PBXFileReference; lastKnownFileType = image.png; path = "button-back-blue-small.png"; sourceTree = "<group>"; };
		C3A57D081667E56700FC8167 /* button-back-blue-small@2x.png */ = {isa = PBXFileReference; lastKnownFileType = image.png; path = "button-back-blue-small@2x.png"; sourceTree = "<group>"; };
		C3A57D091667E56800FC8167 /* button-back-blue.png */ = {isa = PBXFileReference; lastKnownFileType = image.png; path = "button-back-blue.png"; sourceTree = "<group>"; };
		C3A57D0A1667E56800FC8167 /* button-back-blue@2x.png */ = {isa = PBXFileReference; lastKnownFileType = image.png; path = "button-back-blue@2x.png"; sourceTree = "<group>"; };
		C3A57D0B1667E56800FC8167 /* button-blue-pressed.png */ = {isa = PBXFileReference; lastKnownFileType = image.png; path = "button-blue-pressed.png"; sourceTree = "<group>"; };
		C3A57D0C1667E56800FC8167 /* button-blue-pressed@2x.png */ = {isa = PBXFileReference; lastKnownFileType = image.png; path = "button-blue-pressed@2x.png"; sourceTree = "<group>"; };
		C3A57D0D1667E56800FC8167 /* button-blue-small-pressed.png */ = {isa = PBXFileReference; lastKnownFileType = image.png; path = "button-blue-small-pressed.png"; sourceTree = "<group>"; };
		C3A57D0E1667E56800FC8167 /* button-blue-small-pressed@2x.png */ = {isa = PBXFileReference; lastKnownFileType = image.png; path = "button-blue-small-pressed@2x.png"; sourceTree = "<group>"; };
		C3A57D0F1667E56800FC8167 /* button-blue-small.png */ = {isa = PBXFileReference; lastKnownFileType = image.png; path = "button-blue-small.png"; sourceTree = "<group>"; };
		C3A57D101667E56800FC8167 /* button-blue-small@2x.png */ = {isa = PBXFileReference; lastKnownFileType = image.png; path = "button-blue-small@2x.png"; sourceTree = "<group>"; };
		C3A57D111667E56800FC8167 /* button-blue.png */ = {isa = PBXFileReference; lastKnownFileType = image.png; path = "button-blue.png"; sourceTree = "<group>"; };
		C3A57D121667E56800FC8167 /* button-blue@2x.png */ = {isa = PBXFileReference; lastKnownFileType = image.png; path = "button-blue@2x.png"; sourceTree = "<group>"; };
		C3ADEF0C1667D375006FA274 /* StatusViewController.h */ = {isa = PBXFileReference; fileEncoding = 4; lastKnownFileType = sourcecode.c.h; path = StatusViewController.h; sourceTree = "<group>"; };
		C3ADEF0D1667D375006FA274 /* StatusViewController.m */ = {isa = PBXFileReference; fileEncoding = 4; lastKnownFileType = sourcecode.c.objc; path = StatusViewController.m; sourceTree = "<group>"; };
		C3ADEF131667D3A1006FA274 /* StatusViewController.xib */ = {isa = PBXFileReference; fileEncoding = 4; lastKnownFileType = file.xib; path = StatusViewController.xib; sourceTree = "<group>"; };
		C3C8EC0E167F5DAD0003C192 /* FlipView.h */ = {isa = PBXFileReference; fileEncoding = 4; lastKnownFileType = sourcecode.c.h; path = FlipView.h; sourceTree = "<group>"; };
		C3C8EC0F167F5DAD0003C192 /* FlipView.m */ = {isa = PBXFileReference; fileEncoding = 4; lastKnownFileType = sourcecode.c.objc; path = FlipView.m; sourceTree = "<group>"; };
		C3C8EC11167F5E9A0003C192 /* tobias.jpg */ = {isa = PBXFileReference; lastKnownFileType = image.jpeg; path = tobias.jpg; sourceTree = "<group>"; };
		C3C8EC19167F79290003C192 /* tobias2.jpg */ = {isa = PBXFileReference; lastKnownFileType = image.jpeg; path = tobias2.jpg; sourceTree = "<group>"; };
		C3C8EC1B167F84E80003C192 /* QuartzCore.framework */ = {isa = PBXFileReference; lastKnownFileType = wrapper.framework; name = QuartzCore.framework; path = System/Library/Frameworks/QuartzCore.framework; sourceTree = SDKROOT; };
		C3C8EC25167F9A4F0003C192 /* list-item.png */ = {isa = PBXFileReference; lastKnownFileType = image.png; path = "list-item.png"; sourceTree = "<group>"; };
		C3C8EC26167F9A4F0003C192 /* list-item@2x.png */ = {isa = PBXFileReference; lastKnownFileType = image.png; path = "list-item@2x.png"; sourceTree = "<group>"; };
		C3C8EC29167FA26E0003C192 /* StatusViewControllerIpad.xib */ = {isa = PBXFileReference; fileEncoding = 4; lastKnownFileType = file.xib; path = StatusViewControllerIpad.xib; sourceTree = "<group>"; };
		C3C8EC2B167FAA6B0003C192 /* FlipContainerView.h */ = {isa = PBXFileReference; fileEncoding = 4; lastKnownFileType = sourcecode.c.h; path = FlipContainerView.h; sourceTree = "<group>"; };
		C3C8EC2C167FAA6B0003C192 /* FlipContainerView.m */ = {isa = PBXFileReference; fileEncoding = 4; lastKnownFileType = sourcecode.c.objc; path = FlipContainerView.m; sourceTree = "<group>"; };
/* End PBXFileReference section */

/* Begin PBXFrameworksBuildPhase section */
		C39A255E165EB20900F0E242 /* Frameworks */ = {
			isa = PBXFrameworksBuildPhase;
			buildActionMask = 2147483647;
			files = (
				C3C8EC1C167F84E80003C192 /* QuartzCore.framework in Frameworks */,
				C3A57CF61667E2A600FC8167 /* Cameo.framework in Frameworks */,
				C39A2566165EB20900F0E242 /* UIKit.framework in Frameworks */,
				C39A2568165EB20900F0E242 /* Foundation.framework in Frameworks */,
				C39A256A165EB20900F0E242 /* CoreGraphics.framework in Frameworks */,
			);
			runOnlyForDeploymentPostprocessing = 0;
		};
/* End PBXFrameworksBuildPhase section */

/* Begin PBXGroup section */
		C2716CE7165EDCB800ED24C2 /* Pingu */ = {
			isa = PBXGroup;
			children = (
				C3A57CF91667E2C200FC8167 /* bundles */,
				C2716CE8165EDCC800ED24C2 /* classes */,
				C2716CEC165EDCC800ED24C2 /* static */,
				C2716CFC165EDCC800ED24C2 /* support */,
				C3ADEF121667D3A1006FA274 /* views */,
			);
			name = Pingu;
			sourceTree = "<group>";
		};
		C2716CE8165EDCC800ED24C2 /* classes */ = {
			isa = PBXGroup;
			children = (
				C2716CE9165EDCC800ED24C2 /* AppDelegate.h */,
				C2716CEA165EDCC800ED24C2 /* AppDelegate.m */,
				C2716D1A165EDE6600ED24C2 /* Dependencies.h */,
				C2716CEB165EDCC800ED24C2 /* main.m */,
				C3ADEF0C1667D375006FA274 /* StatusViewController.h */,
				C3ADEF0D1667D375006FA274 /* StatusViewController.m */,
				C34E677A167F4E37006A46C3 /* ServersViewController.h */,
				C34E677B167F4E37006A46C3 /* ServersViewController.m */,
				C3C8EC0E167F5DAD0003C192 /* FlipView.h */,
				C3C8EC0F167F5DAD0003C192 /* FlipView.m */,
				C3C8EC2B167FAA6B0003C192 /* FlipContainerView.h */,
				C3C8EC2C167FAA6B0003C192 /* FlipContainerView.m */,
			);
			name = classes;
			path = src/classes;
			sourceTree = "<group>";
		};
		C2716CEC165EDCC800ED24C2 /* static */ = {
			isa = PBXGroup;
			children = (
				C2716CED165EDCC800ED24C2 /* icons */,
				C3A57CD31667D62A00FC8167 /* images */,
				C2716CF8165EDCC800ED24C2 /* tiles */,
			);
			name = static;
			path = src/static;
			sourceTree = "<group>";
		};
		C2716CED165EDCC800ED24C2 /* icons */ = {
			isa = PBXGroup;
			children = (
				C2716CEE165EDCC800ED24C2 /* Icon-72.png */,
				C2716CEF165EDCC800ED24C2 /* Icon-72@2x.png */,
				C2716CF0165EDCC800ED24C2 /* Icon-Small-50.png */,
				C2716CF1165EDCC800ED24C2 /* Icon-Small-50@2x.png */,
				C2716CF2165EDCC800ED24C2 /* Icon-Small.png */,
				C2716CF3165EDCC800ED24C2 /* Icon-Small@2x.png */,
				C2716CF4165EDCC800ED24C2 /* Icon.png */,
				C2716CF5165EDCC800ED24C2 /* Icon@2x.png */,
				C2716CF6165EDCC800ED24C2 /* iTunesArtwork.png */,
				C2716CF7165EDCC800ED24C2 /* iTunesArtwork@2x.png */,
			);
			path = icons;
			sourceTree = "<group>";
		};
		C2716CF8165EDCC800ED24C2 /* tiles */ = {
			isa = PBXGroup;
			children = (
				C2716CF9165EDCC800ED24C2 /* Default-568h@2x.png */,
				C2716CFA165EDCC800ED24C2 /* Default.png */,
				C2716CFB165EDCC800ED24C2 /* Default@2x.png */,
			);
			path = tiles;
			sourceTree = "<group>";
		};
		C2716CFC165EDCC800ED24C2 /* support */ = {
			isa = PBXGroup;
			children = (
				C2716CFD165EDCC800ED24C2 /* Localizable.strings */,
				C2716CFF165EDCC800ED24C2 /* pingu-Info.plist */,
				C2716D00165EDCC800ED24C2 /* pingu-Prefix.pch */,
			);
			name = support;
			path = src/support;
			sourceTree = "<group>";
		};
		C39A2556165EB20800F0E242 = {
			isa = PBXGroup;
			children = (
				C3C8EC1B167F84E80003C192 /* QuartzCore.framework */,
				C2716CE7165EDCB800ED24C2 /* Pingu */,
				C39A2564165EB20900F0E242 /* Frameworks */,
				C39A2562165EB20900F0E242 /* Products */,
			);
			sourceTree = "<group>";
		};
		C39A2562165EB20900F0E242 /* Products */ = {
			isa = PBXGroup;
			children = (
				C39A2561165EB20900F0E242 /* pingu.app */,
			);
			name = Products;
			sourceTree = "<group>";
		};
		C39A2564165EB20900F0E242 /* Frameworks */ = {
			isa = PBXGroup;
			children = (
				C3A57CF51667E2A600FC8167 /* Cameo.framework */,
				C39A2565165EB20900F0E242 /* UIKit.framework */,
				C39A2567165EB20900F0E242 /* Foundation.framework */,
				C39A2569165EB20900F0E242 /* CoreGraphics.framework */,
			);
			name = Frameworks;
			sourceTree = "<group>";
		};
		C3A57CD31667D62A00FC8167 /* images */ = {
			isa = PBXGroup;
			children = (
				C3C8EC25167F9A4F0003C192 /* list-item.png */,
				C3C8EC26167F9A4F0003C192 /* list-item@2x.png */,
				C3C8EC19167F79290003C192 /* tobias2.jpg */,
				C3C8EC11167F5E9A0003C192 /* tobias.jpg */,
				C3A57D031667E56700FC8167 /* button-back-blue-pressed.png */,
				C3A57D041667E56700FC8167 /* button-back-blue-pressed@2x.png */,
				C3A57D051667E56700FC8167 /* button-back-blue-small-pressed.png */,
				C3A57D061667E56700FC8167 /* button-back-blue-small-pressed@2x.png */,
				C3A57D071667E56700FC8167 /* button-back-blue-small.png */,
				C3A57D081667E56700FC8167 /* button-back-blue-small@2x.png */,
				C3A57D091667E56800FC8167 /* button-back-blue.png */,
				C3A57D0A1667E56800FC8167 /* button-back-blue@2x.png */,
				C3A57D0B1667E56800FC8167 /* button-blue-pressed.png */,
				C3A57D0C1667E56800FC8167 /* button-blue-pressed@2x.png */,
				C3A57D0D1667E56800FC8167 /* button-blue-small-pressed.png */,
				C3A57D0E1667E56800FC8167 /* button-blue-small-pressed@2x.png */,
				C3A57D0F1667E56800FC8167 /* button-blue-small.png */,
				C3A57D101667E56800FC8167 /* button-blue-small@2x.png */,
				C3A57D111667E56800FC8167 /* button-blue.png */,
				C3A57D121667E56800FC8167 /* button-blue@2x.png */,
				C34E6762167F4D19006A46C3 /* chart-lines-ipad.png */,
				C34E6763167F4D19006A46C3 /* chart-lines-ipad@2x.png */,
				C34E6764167F4D19006A46C3 /* chart-lines.png */,
				C34E6765167F4D19006A46C3 /* chart-lines@2x.png */,
				C34E6766167F4D19006A46C3 /* chart-round-ipad.png */,
				C34E6767167F4D19006A46C3 /* chart-round-ipad@2x.png */,
				C34E6768167F4D19006A46C3 /* chart-round.png */,
				C34E6769167F4D19006A46C3 /* chart-round@2x.png */,
				C3A57CDD1667DF3700FC8167 /* header-background-small.png */,
				C3A57CDE1667DF3700FC8167 /* header-background-small@2x.png */,
				C3A57CDF1667DF3700FC8167 /* header-background.png */,
				C3A57CE01667DF3700FC8167 /* header-background@2x.png */,
				C3A57CED1667E16D00FC8167 /* icon-refresh-small.png */,
				C3A57CEE1667E16D00FC8167 /* icon-refresh-small@2x.png */,
				C3A57CEF1667E16D00FC8167 /* icon-refresh.png */,
				C3A57CF01667E16D00FC8167 /* icon-refresh@2x.png */,
				C3A57CE11667DF3700FC8167 /* logo-menu.png */,
				C3A57CE21667DF3700FC8167 /* logo-menu@2x.png */,
				C3A57CFF1667E3FD00FC8167 /* logo.png */,
				C3A57D001667E3FD00FC8167 /* logo@2x.png */,
				C3A57CD41667D62A00FC8167 /* main-background.png */,
				C3A57CD51667D62A00FC8167 /* main-background@2x.png */,
				C34E676A167F4D19006A46C3 /* panels-ipad.png */,
				C34E676B167F4D19006A46C3 /* panels-ipad@2x.png */,
				C3A57CE91667E03700FC8167 /* panels.png */,
				C3A57CEA1667E03700FC8167 /* panels@2x.png */,
			);
			path = images;
			sourceTree = "<group>";
		};
		C3A57CF91667E2C200FC8167 /* bundles */ = {
			isa = PBXGroup;
			children = (
				C3A57CF71667E2BA00FC8167 /* HMBaseResources.bundle */,
			);
			name = bundles;
			sourceTree = "<group>";
		};
		C3ADEF121667D3A1006FA274 /* views */ = {
			isa = PBXGroup;
			children = (
				C3C8EC29167FA26E0003C192 /* StatusViewControllerIpad.xib */,
				C34E677F167F4E4C006A46C3 /* ServersViewController.xib */,
				C3ADEF131667D3A1006FA274 /* StatusViewController.xib */,
			);
			name = views;
			path = src/views;
			sourceTree = "<group>";
		};
/* End PBXGroup section */

/* Begin PBXNativeTarget section */
		C39A2560165EB20900F0E242 /* pingu */ = {
			isa = PBXNativeTarget;
			buildConfigurationList = C39A257F165EB20900F0E242 /* Build configuration list for PBXNativeTarget "pingu" */;
			buildPhases = (
				C39A255D165EB20900F0E242 /* Sources */,
				C39A255E165EB20900F0E242 /* Frameworks */,
				C39A255F165EB20900F0E242 /* Resources */,
			);
			buildRules = (
			);
			dependencies = (
			);
			name = pingu;
			productName = pingu;
			productReference = C39A2561165EB20900F0E242 /* pingu.app */;
			productType = "com.apple.product-type.application";
		};
/* End PBXNativeTarget section */

/* Begin PBXProject section */
		C39A2558165EB20800F0E242 /* Project object */ = {
			isa = PBXProject;
			attributes = {
				LastUpgradeCheck = 0450;
				ORGANIZATIONNAME = "Hive Solutions";
			};
			buildConfigurationList = C39A255B165EB20800F0E242 /* Build configuration list for PBXProject "pingu" */;
			compatibilityVersion = "Xcode 3.2";
			developmentRegion = English;
			hasScannedForEncodings = 0;
			knownRegions = (
				en,
				pt,
			);
			mainGroup = C39A2556165EB20800F0E242;
			productRefGroup = C39A2562165EB20900F0E242 /* Products */;
			projectDirPath = "";
			projectRoot = "";
			targets = (
				C39A2560165EB20900F0E242 /* pingu */,
			);
		};
/* End PBXProject section */

/* Begin PBXResourcesBuildPhase section */
		C39A255F165EB20900F0E242 /* Resources */ = {
			isa = PBXResourcesBuildPhase;
			buildActionMask = 2147483647;
			files = (
				C3A57CF81667E2BA00FC8167 /* HMBaseResources.bundle in Resources */,
				C2716D03165EDCC800ED24C2 /* Icon-72.png in Resources */,
				C2716D04165EDCC800ED24C2 /* Icon-72@2x.png in Resources */,
				C2716D05165EDCC800ED24C2 /* Icon-Small-50.png in Resources */,
				C2716D06165EDCC800ED24C2 /* Icon-Small-50@2x.png in Resources */,
				C2716D07165EDCC800ED24C2 /* Icon-Small.png in Resources */,
				C2716D08165EDCC800ED24C2 /* Icon-Small@2x.png in Resources */,
				C2716D09165EDCC800ED24C2 /* Icon.png in Resources */,
				C2716D0A165EDCC800ED24C2 /* Icon@2x.png in Resources */,
				C2716D0B165EDCC800ED24C2 /* iTunesArtwork.png in Resources */,
				C2716D0C165EDCC800ED24C2 /* iTunesArtwork@2x.png in Resources */,
				C2716D0D165EDCC800ED24C2 /* Default-568h@2x.png in Resources */,
				C2716D0E165EDCC800ED24C2 /* Default.png in Resources */,
				C2716D0F165EDCC800ED24C2 /* Default@2x.png in Resources */,
				C2716D10165EDCC800ED24C2 /* Localizable.strings in Resources */,
				C3ADEF141667D3A1006FA274 /* StatusViewController.xib in Resources */,
				C3A57CD61667D62A00FC8167 /* main-background.png in Resources */,
				C3A57CD71667D62A00FC8167 /* main-background@2x.png in Resources */,
				C3A57CE31667DF3700FC8167 /* header-background-small.png in Resources */,
				C3A57CE41667DF3700FC8167 /* header-background-small@2x.png in Resources */,
				C3A57CE51667DF3700FC8167 /* header-background.png in Resources */,
				C3A57CE61667DF3700FC8167 /* header-background@2x.png in Resources */,
				C3A57CE71667DF3700FC8167 /* logo-menu.png in Resources */,
				C3A57CE81667DF3700FC8167 /* logo-menu@2x.png in Resources */,
				C3A57CEB1667E03700FC8167 /* panels.png in Resources */,
				C3A57CEC1667E03700FC8167 /* panels@2x.png in Resources */,
				C3A57CF11667E16D00FC8167 /* icon-refresh-small.png in Resources */,
				C3A57CF21667E16D00FC8167 /* icon-refresh-small@2x.png in Resources */,
				C3A57CF31667E16D00FC8167 /* icon-refresh.png in Resources */,
				C3A57CF41667E16D00FC8167 /* icon-refresh@2x.png in Resources */,
				C3A57D011667E3FD00FC8167 /* logo.png in Resources */,
				C3A57D021667E3FD00FC8167 /* logo@2x.png in Resources */,
				C3A57D131667E56800FC8167 /* button-back-blue-pressed.png in Resources */,
				C3A57D141667E56800FC8167 /* button-back-blue-pressed@2x.png in Resources */,
				C3A57D151667E56800FC8167 /* button-back-blue-small-pressed.png in Resources */,
				C3A57D161667E56800FC8167 /* button-back-blue-small-pressed@2x.png in Resources */,
				C3A57D171667E56800FC8167 /* button-back-blue-small.png in Resources */,
				C3A57D181667E56800FC8167 /* button-back-blue-small@2x.png in Resources */,
				C3A57D191667E56800FC8167 /* button-back-blue.png in Resources */,
				C3A57D1A1667E56800FC8167 /* button-back-blue@2x.png in Resources */,
				C3A57D1B1667E56800FC8167 /* button-blue-pressed.png in Resources */,
				C3A57D1C1667E56800FC8167 /* button-blue-pressed@2x.png in Resources */,
				C3A57D1D1667E56800FC8167 /* button-blue-small-pressed.png in Resources */,
				C3A57D1E1667E56800FC8167 /* button-blue-small-pressed@2x.png in Resources */,
				C3A57D1F1667E56800FC8167 /* button-blue-small.png in Resources */,
				C3A57D201667E56800FC8167 /* button-blue-small@2x.png in Resources */,
				C3A57D211667E56800FC8167 /* button-blue.png in Resources */,
				C3A57D221667E56800FC8167 /* button-blue@2x.png in Resources */,
				C34E676C167F4D19006A46C3 /* chart-lines-ipad.png in Resources */,
				C34E676D167F4D19006A46C3 /* chart-lines-ipad@2x.png in Resources */,
				C34E676E167F4D19006A46C3 /* chart-lines.png in Resources */,
				C34E676F167F4D19006A46C3 /* chart-lines@2x.png in Resources */,
				C34E6770167F4D19006A46C3 /* chart-round-ipad.png in Resources */,
				C34E6771167F4D19006A46C3 /* chart-round-ipad@2x.png in Resources */,
				C34E6772167F4D19006A46C3 /* chart-round.png in Resources */,
				C34E6773167F4D19006A46C3 /* chart-round@2x.png in Resources */,
				C34E6774167F4D19006A46C3 /* panels-ipad.png in Resources */,
				C34E6775167F4D19006A46C3 /* panels-ipad@2x.png in Resources */,
				C34E6780167F4E4C006A46C3 /* ServersViewController.xib in Resources */,
				C3C8EC12167F5E9A0003C192 /* tobias.jpg in Resources */,
				C3C8EC1A167F79290003C192 /* tobias2.jpg in Resources */,
				C3C8EC27167F9A4F0003C192 /* list-item.png in Resources */,
				C3C8EC28167F9A4F0003C192 /* list-item@2x.png in Resources */,
				C3C8EC2A167FA26E0003C192 /* StatusViewControllerIpad.xib in Resources */,
			);
			runOnlyForDeploymentPostprocessing = 0;
		};
/* End PBXResourcesBuildPhase section */

/* Begin PBXSourcesBuildPhase section */
		C39A255D165EB20900F0E242 /* Sources */ = {
			isa = PBXSourcesBuildPhase;
			buildActionMask = 2147483647;
			files = (
				C2716D01165EDCC800ED24C2 /* AppDelegate.m in Sources */,
				C2716D02165EDCC800ED24C2 /* main.m in Sources */,
				C3ADEF0F1667D375006FA274 /* StatusViewController.m in Sources */,
				C34E677D167F4E37006A46C3 /* ServersViewController.m in Sources */,
				C3C8EC10167F5DAD0003C192 /* FlipView.m in Sources */,
				C3C8EC2D167FAA6B0003C192 /* FlipContainerView.m in Sources */,
			);
			runOnlyForDeploymentPostprocessing = 0;
		};
/* End PBXSourcesBuildPhase section */

/* Begin PBXVariantGroup section */
		C2716CFD165EDCC800ED24C2 /* Localizable.strings */ = {
			isa = PBXVariantGroup;
			children = (
				C2716CFE165EDCC800ED24C2 /* en */,
				C3A57CFE1667E3F000FC8167 /* pt */,
			);
			name = Localizable.strings;
			sourceTree = "<group>";
		};
/* End PBXVariantGroup section */

/* Begin XCBuildConfiguration section */
		C39A257D165EB20900F0E242 /* Debug */ = {
			isa = XCBuildConfiguration;
			buildSettings = {
				ALWAYS_SEARCH_USER_PATHS = NO;
				CLANG_CXX_LANGUAGE_STANDARD = "gnu++0x";
				CLANG_CXX_LIBRARY = "libc++";
				CLANG_ENABLE_OBJC_ARC = YES;
				CLANG_WARN_EMPTY_BODY = YES;
				CLANG_WARN__DUPLICATE_METHOD_MATCH = YES;
				"CODE_SIGN_IDENTITY[sdk=iphoneos*]" = "iPhone Developer";
				COPY_PHASE_STRIP = NO;
				GCC_C_LANGUAGE_STANDARD = gnu99;
				GCC_DYNAMIC_NO_PIC = NO;
				GCC_OPTIMIZATION_LEVEL = 0;
				GCC_PREPROCESSOR_DEFINITIONS = (
					"DEBUG=1",
					"$(inherited)",
				);
				GCC_SYMBOLS_PRIVATE_EXTERN = NO;
				GCC_WARN_ABOUT_RETURN_TYPE = YES;
				GCC_WARN_UNINITIALIZED_AUTOS = YES;
				GCC_WARN_UNUSED_VARIABLE = YES;
				IPHONEOS_DEPLOYMENT_TARGET = 6.0;
				ONLY_ACTIVE_ARCH = YES;
				SDKROOT = iphoneos;
				TARGETED_DEVICE_FAMILY = "1,2";
			};
			name = Debug;
		};
		C39A257E165EB20900F0E242 /* Release */ = {
			isa = XCBuildConfiguration;
			buildSettings = {
				ALWAYS_SEARCH_USER_PATHS = NO;
				CLANG_CXX_LANGUAGE_STANDARD = "gnu++0x";
				CLANG_CXX_LIBRARY = "libc++";
				CLANG_ENABLE_OBJC_ARC = YES;
				CLANG_WARN_EMPTY_BODY = YES;
				CLANG_WARN__DUPLICATE_METHOD_MATCH = YES;
				"CODE_SIGN_IDENTITY[sdk=iphoneos*]" = "iPhone Developer";
				COPY_PHASE_STRIP = YES;
				GCC_C_LANGUAGE_STANDARD = gnu99;
				GCC_WARN_ABOUT_RETURN_TYPE = YES;
				GCC_WARN_UNINITIALIZED_AUTOS = YES;
				GCC_WARN_UNUSED_VARIABLE = YES;
				IPHONEOS_DEPLOYMENT_TARGET = 6.0;
				OTHER_CFLAGS = "-DNS_BLOCK_ASSERTIONS=1";
				SDKROOT = iphoneos;
				TARGETED_DEVICE_FAMILY = "1,2";
				VALIDATE_PRODUCT = YES;
			};
			name = Release;
		};
		C39A2580165EB20900F0E242 /* Debug */ = {
			isa = XCBuildConfiguration;
			buildSettings = {
				FRAMEWORK_SEARCH_PATHS = (
					"$(inherited)",
					/Documents/Cameo,
				);
				GCC_PRECOMPILE_PREFIX_HEADER = YES;
				GCC_PREFIX_HEADER = "src/support/pingu-Prefix.pch";
				INFOPLIST_FILE = "$(SRCROOT)/src/support/pingu-Info.plist";
				IPHONEOS_DEPLOYMENT_TARGET = 5.0;
				PRODUCT_NAME = "$(TARGET_NAME)";
				WRAPPER_EXTENSION = app;
			};
			name = Debug;
		};
		C39A2581165EB20900F0E242 /* Release */ = {
			isa = XCBuildConfiguration;
			buildSettings = {
				FRAMEWORK_SEARCH_PATHS = (
					"$(inherited)",
					/Documents/Cameo,
				);
				GCC_PRECOMPILE_PREFIX_HEADER = YES;
				GCC_PREFIX_HEADER = "src/support/pingu-Prefix.pch";
				INFOPLIST_FILE = "$(SRCROOT)/src/support/pingu-Info.plist";
				IPHONEOS_DEPLOYMENT_TARGET = 5.0;
				PRODUCT_NAME = "$(TARGET_NAME)";
				WRAPPER_EXTENSION = app;
			};
			name = Release;
		};
/* End XCBuildConfiguration section */

/* Begin XCConfigurationList section */
		C39A255B165EB20800F0E242 /* Build configuration list for PBXProject "pingu" */ = {
			isa = XCConfigurationList;
			buildConfigurations = (
				C39A257D165EB20900F0E242 /* Debug */,
				C39A257E165EB20900F0E242 /* Release */,
			);
			defaultConfigurationIsVisible = 0;
			defaultConfigurationName = Release;
		};
		C39A257F165EB20900F0E242 /* Build configuration list for PBXNativeTarget "pingu" */ = {
			isa = XCConfigurationList;
			buildConfigurations = (
				C39A2580165EB20900F0E242 /* Debug */,
				C39A2581165EB20900F0E242 /* Release */,
			);
			defaultConfigurationIsVisible = 0;
			defaultConfigurationName = Release;
		};
/* End XCConfigurationList section */
	};
	rootObject = C39A2558165EB20800F0E242 /* Project object */;
}
